
Microsoft Visual Studio Solution File, Format Version 12.00
# Visual Studio Version 17
VisualStudioVersion = 17.4.33213.308
MinimumVisualStudioVersion = 10.0.40219.1
Project("{FAE04EC0-301F-11D3-BF4B-00C04F79EFBC}") = "229. Majority Element II", "229. Majority Element II\229. Majority Element II.csproj", "{46819F91-D637-4429-8D12-28D1AB83D694}"
EndProject
Global
	GlobalSection(SolutionConfigurationPlatforms) = preSolution
		Debug|Any CPU = Debug|Any CPU
		Release|Any CPU = Release|Any CPU
	EndGlobalSection
	GlobalSection(ProjectConfigurationPlatforms) = postSolution
		{46819F91-D637-4429-8D12-28D1AB83D694}.Debug|Any CPU.ActiveCfg = Debug|Any CPU
		{46819F91-D637-4429-8D12-28D1AB83D694}.Debug|Any CPU.Build.0 = Debug|Any CPU
		{46819F91-D637-4429-8D12-28D1AB83D694}.Release|Any CPU.ActiveCfg = Release|Any CPU
		{46819F91-D637-4429-8D12-28D1AB83D694}.Release|Any CPU.Build.0 = Release|Any CPU
	EndGlobalSection
	GlobalSection(SolutionProperties) = preSolution
		HideSolutionNode = FALSE
	EndGlobalSection
	GlobalSection(ExtensibilityGlobals) = postSolution
		SolutionGuid = {4E842EA4-791E-494A-8671-3F3D80829C4A}
	EndGlobalSection
EndGlobal
